{
  "nodes": {
    "flake-utils": {
      "locked": {
        "lastModified": 1609246779,
        "narHash": "sha256-eq6ZXE/VWo3EMC65jmIT6H/rrUc9UWOWVujkzav025k=",
        "owner": "numtide",
        "repo": "flake-utils",
        "rev": "08c7ad4a0844adc4a7f9f5bb3beae482e789afa4",
        "type": "github"
      },
      "original": {
        "owner": "numtide",
        "repo": "flake-utils",
        "type": "github"
      }
    },
    "nix-beam": {
      "flake": false,
      "locked": {
        "lastModified": 1607361600,
        "narHash": "sha256-kX4KloqGocM0HpOo4ah/GHxidAE4gU4UM+Gvfxch9R0=",
        "owner": "hauleth",
        "repo": "nix-elixir",
        "rev": "b0ca70cbaa28d7438936389d83b2e7aa7cfd9c76",
        "type": "github"
      },
      "original": {
        "owner": "hauleth",
        "repo": "nix-elixir",
        "type": "github"
      }
    },
    "nixpkgs": {
      "locked": {
        "lastModified": 1609591263,
        "narHash": "sha256-I26oNkBpi6Upsmb0By6by3mlM/vV3t/uWuJhQ15ID44=",
        "owner": "nixos",
        "repo": "nixpkgs",
        "rev": "c6b23ba64aea4b0e2163ff84990084a6bec455c5",
        "type": "github"
      },
      "original": {
        "owner": "nixos",
        "ref": "nixos-20.09",
        "repo": "nixpkgs",
        "type": "github"
      }
    },
    "root": {
      "inputs": {
        "flake-utils": "flake-utils",
        "nix-beam": "nix-beam",
        "nixpkgs": "nixpkgs"
      }
    }
  },
  "root": "root",
  "version": 7
}
